
Microsoft Visual Studio Solution File, Format Version 12.00
Project("{FAE04EC0-301F-11D3-BF4B-00C04F79EFBC}") = "IdeaProject", "IdeaProject\IdeaProject.csproj", "{87DA78B8-B7ED-4878-A156-8F5D7CAC4FA7}"
EndProject
Project("{2150E333-8FDC-42A3-9474-1A3956D46DE8}") = "Presentation", "Presentation", "{D50997E9-6AE9-40B1-A71B-EA8A3EB97DFA}"
EndProject
Project("{2150E333-8FDC-42A3-9474-1A3956D46DE8}") = "Business", "Business", "{3EA03213-4E02-4BE5-BEF9-66229A69DB65}"
EndProject
Project("{2150E333-8FDC-42A3-9474-1A3956D46DE8}") = "Data", "Data", "{35BC8F2A-83FF-48EA-8A0F-11E8E03B09C6}"
EndProject
Project("{FAE04EC0-301F-11D3-BF4B-00C04F79EFBC}") = "Service", "Service\Service.csproj", "{BE4AC6B9-EE19-48D9-A9F0-B4AD1A403E9C}"
EndProject
Project("{FAE04EC0-301F-11D3-BF4B-00C04F79EFBC}") = "ServiceContract", "ServiceContract\ServiceContract.csproj", "{27C94EB3-758C-470A-A744-29ABA8AC9CE0}"
EndProject
Project("{FAE04EC0-301F-11D3-BF4B-00C04F79EFBC}") = "DataContract", "DataContract\DataContract.csproj", "{35D29B6D-16D1-4723-9EA7-F46AC5FAF15A}"
EndProject
Project("{FAE04EC0-301F-11D3-BF4B-00C04F79EFBC}") = "DataAccess", "DataAccess\DataAccess.csproj", "{0F6F6B2D-0397-46B7-A659-36B9D70C731E}"
EndProject
Global
	GlobalSection(SolutionConfigurationPlatforms) = preSolution
		Debug|Any CPU = Debug|Any CPU
		Release|Any CPU = Release|Any CPU
	EndGlobalSection
	GlobalSection(ProjectConfigurationPlatforms) = postSolution
		{87DA78B8-B7ED-4878-A156-8F5D7CAC4FA7}.Debug|Any CPU.ActiveCfg = Debug|Any CPU
		{87DA78B8-B7ED-4878-A156-8F5D7CAC4FA7}.Debug|Any CPU.Build.0 = Debug|Any CPU
		{87DA78B8-B7ED-4878-A156-8F5D7CAC4FA7}.Release|Any CPU.ActiveCfg = Release|Any CPU
		{87DA78B8-B7ED-4878-A156-8F5D7CAC4FA7}.Release|Any CPU.Build.0 = Release|Any CPU
		{BE4AC6B9-EE19-48D9-A9F0-B4AD1A403E9C}.Debug|Any CPU.ActiveCfg = Debug|Any CPU
		{BE4AC6B9-EE19-48D9-A9F0-B4AD1A403E9C}.Debug|Any CPU.Build.0 = Debug|Any CPU
		{BE4AC6B9-EE19-48D9-A9F0-B4AD1A403E9C}.Release|Any CPU.ActiveCfg = Release|Any CPU
		{BE4AC6B9-EE19-48D9-A9F0-B4AD1A403E9C}.Release|Any CPU.Build.0 = Release|Any CPU
		{27C94EB3-758C-470A-A744-29ABA8AC9CE0}.Debug|Any CPU.ActiveCfg = Debug|Any CPU
		{27C94EB3-758C-470A-A744-29ABA8AC9CE0}.Debug|Any CPU.Build.0 = Debug|Any CPU
		{27C94EB3-758C-470A-A744-29ABA8AC9CE0}.Release|Any CPU.ActiveCfg = Release|Any CPU
		{27C94EB3-758C-470A-A744-29ABA8AC9CE0}.Release|Any CPU.Build.0 = Release|Any CPU
		{35D29B6D-16D1-4723-9EA7-F46AC5FAF15A}.Debug|Any CPU.ActiveCfg = Debug|Any CPU
		{35D29B6D-16D1-4723-9EA7-F46AC5FAF15A}.Debug|Any CPU.Build.0 = Debug|Any CPU
		{35D29B6D-16D1-4723-9EA7-F46AC5FAF15A}.Release|Any CPU.ActiveCfg = Release|Any CPU
		{35D29B6D-16D1-4723-9EA7-F46AC5FAF15A}.Release|Any CPU.Build.0 = Release|Any CPU
		{0F6F6B2D-0397-46B7-A659-36B9D70C731E}.Debug|Any CPU.ActiveCfg = Debug|Any CPU
		{0F6F6B2D-0397-46B7-A659-36B9D70C731E}.Debug|Any CPU.Build.0 = Debug|Any CPU
		{0F6F6B2D-0397-46B7-A659-36B9D70C731E}.Release|Any CPU.ActiveCfg = Release|Any CPU
		{0F6F6B2D-0397-46B7-A659-36B9D70C731E}.Release|Any CPU.Build.0 = Release|Any CPU
	EndGlobalSection
	GlobalSection(NestedProjects) = preSolution
		{87DA78B8-B7ED-4878-A156-8F5D7CAC4FA7} = {D50997E9-6AE9-40B1-A71B-EA8A3EB97DFA}
		{BE4AC6B9-EE19-48D9-A9F0-B4AD1A403E9C} = {3EA03213-4E02-4BE5-BEF9-66229A69DB65}
		{27C94EB3-758C-470A-A744-29ABA8AC9CE0} = {3EA03213-4E02-4BE5-BEF9-66229A69DB65}
		{35D29B6D-16D1-4723-9EA7-F46AC5FAF15A} = {3EA03213-4E02-4BE5-BEF9-66229A69DB65}
		{0F6F6B2D-0397-46B7-A659-36B9D70C731E} = {35BC8F2A-83FF-48EA-8A0F-11E8E03B09C6}
	EndGlobalSection
EndGlobal
